
Microsoft Visual Studio Solution File, Format Version 12.00
# Visual Studio Version 17
VisualStudioVersion = 17.7.34031.279
MinimumVisualStudioVersion = 10.0.40219.1
Project("{FAE04EC0-301F-11D3-BF4B-00C04F79EFBC}") = "ConversorImagens", "ConversorImagens\ConversorImagens.csproj", "{0A4B4867-AF0B-42D6-8E54-31DBBE1A8FFF}"
EndProject
Global
	GlobalSection(SolutionConfigurationPlatforms) = preSolution
		Debug|Any CPU = Debug|Any CPU
		Release|Any CPU = Release|Any CPU
	EndGlobalSection
	GlobalSection(ProjectConfigurationPlatforms) = postSolution
		{0A4B4867-AF0B-42D6-8E54-31DBBE1A8FFF}.Debug|Any CPU.ActiveCfg = Debug|Any CPU
		{0A4B4867-AF0B-42D6-8E54-31DBBE1A8FFF}.Debug|Any CPU.Build.0 = Debug|Any CPU
		{0A4B4867-AF0B-42D6-8E54-31DBBE1A8FFF}.Release|Any CPU.ActiveCfg = Release|Any CPU
		{0A4B4867-AF0B-42D6-8E54-31DBBE1A8FFF}.Release|Any CPU.Build.0 = Release|Any CPU
	EndGlobalSection
	GlobalSection(SolutionProperties) = preSolution
		HideSolutionNode = FALSE
	EndGlobalSection
	GlobalSection(ExtensibilityGlobals) = postSolution
		SolutionGuid = {7A43DAB0-1246-4A7E-A050-869D86005644}
	EndGlobalSection
EndGlobal
